
Microsoft Visual Studio Solution File, Format Version 12.00
# Visual Studio Version 16
VisualStudioVersion = 16.0.32510.428
MinimumVisualStudioVersion = 10.0.40219.1
Project("{F184B08F-C81C-45F6-A57F-5ABD9991F28F}") = "Oboskalov_kyrsovaia", "Oboskalov_kyrsovaia\Oboskalov_kyrsovaia.vbproj", "{FB8FB74F-34D3-4DF9-847F-23A788305203}"
EndProject
Global
	GlobalSection(SolutionConfigurationPlatforms) = preSolution
		Debug|Any CPU = Debug|Any CPU
		Release|Any CPU = Release|Any CPU
	EndGlobalSection
	GlobalSection(ProjectConfigurationPlatforms) = postSolution
		{FB8FB74F-34D3-4DF9-847F-23A788305203}.Debug|Any CPU.ActiveCfg = Debug|Any CPU
		{FB8FB74F-34D3-4DF9-847F-23A788305203}.Debug|Any CPU.Build.0 = Debug|Any CPU
		{FB8FB74F-34D3-4DF9-847F-23A788305203}.Release|Any CPU.ActiveCfg = Release|Any CPU
		{FB8FB74F-34D3-4DF9-847F-23A788305203}.Release|Any CPU.Build.0 = Release|Any CPU
	EndGlobalSection
	GlobalSection(SolutionProperties) = preSolution
		HideSolutionNode = FALSE
	EndGlobalSection
	GlobalSection(ExtensibilityGlobals) = postSolution
		SolutionGuid = {2DBA60CC-15FF-4281-80AD-42814D1579D8}
	EndGlobalSection
EndGlobal
